
Microsoft Visual Studio Solution File, Format Version 12.00
# Visual Studio Version 16
VisualStudioVersion = 16.0.29613.14
MinimumVisualStudioVersion = 10.0.40219.1
Project("{FAE04EC0-301F-11D3-BF4B-00C04F79EFBC}") = "distribution-copy", "distribution-copy\distribution-copy.csproj", "{8DB1B0D6-5511-45F0-9228-6E8A2AB0A496}"
EndProject
Project("{2150E333-8FDC-42A3-9474-1A3956D46DE8}") = ".github", ".github", "{4A69BDCA-E8A0-442C-B916-C6F5A3B23B83}"
EndProject
Project("{2150E333-8FDC-42A3-9474-1A3956D46DE8}") = "workflows", "workflows", "{5A2C56EE-309C-41F1-B905-17125DF01024}"
	ProjectSection(SolutionItems) = preProject
		SampleAction.Yml = SampleAction.Yml
	EndProjectSection
EndProject
Global
	GlobalSection(SolutionConfigurationPlatforms) = preSolution
		Debug|Any CPU = Debug|Any CPU
		Release|Any CPU = Release|Any CPU
	EndGlobalSection
	GlobalSection(ProjectConfigurationPlatforms) = postSolution
		{8DB1B0D6-5511-45F0-9228-6E8A2AB0A496}.Debug|Any CPU.ActiveCfg = Debug|Any CPU
		{8DB1B0D6-5511-45F0-9228-6E8A2AB0A496}.Debug|Any CPU.Build.0 = Debug|Any CPU
		{8DB1B0D6-5511-45F0-9228-6E8A2AB0A496}.Release|Any CPU.ActiveCfg = Release|Any CPU
		{8DB1B0D6-5511-45F0-9228-6E8A2AB0A496}.Release|Any CPU.Build.0 = Release|Any CPU
	EndGlobalSection
	GlobalSection(SolutionProperties) = preSolution
		HideSolutionNode = FALSE
	EndGlobalSection
	GlobalSection(NestedProjects) = preSolution
		{5A2C56EE-309C-41F1-B905-17125DF01024} = {4A69BDCA-E8A0-442C-B916-C6F5A3B23B83}
	EndGlobalSection
	GlobalSection(ExtensibilityGlobals) = postSolution
		SolutionGuid = {A41D2B34-3968-496E-A3B3-06BC64658F22}
	EndGlobalSection
EndGlobal
